# THIS IS AN AUTOGENERATED FILE. DO NOT EDIT THIS FILE DIRECTLY.
# yarn lockfile v1


"@supercharge/promise-pool@^1.7.0":
  version "1.7.0"
  resolved "https://registry.yarnpkg.com/@supercharge/promise-pool/-/promise-pool-1.7.0.tgz#103ba5029ac479cbcc3d3542bf60c18a8f84b4e8"
  integrity sha512-OpnF7oqk6asrOUMhldnDju4RKeZ/iMAfw3LIoLdcTI53RZJLiQ9vEAcGW+bcBELXkiPhT7RqtuPSXAFF2iAmbg==
